
Microsoft Visual Studio Solution File, Format Version 12.00
# Visual Studio Version 16
VisualStudioVersion = 16.0.31321.278
MinimumVisualStudioVersion = 10.0.40219.1
Project("{9A19103F-16F7-4668-BE54-9A1E7A4F7556}") = "ConsoleApp", "ConsoleApp\ConsoleApp.csproj", "{E02BDB40-3B8B-469F-8677-5D0FDC6E6959}"
EndProject
Project("{9A19103F-16F7-4668-BE54-9A1E7A4F7556}") = "ConsoleApp.Core", "ConsoleApp.Core\ConsoleApp.Core.csproj", "{5C898259-A8F5-4AC5-9C75-614A54D3898D}"
EndProject
Project("{9A19103F-16F7-4668-BE54-9A1E7A4F7556}") = "ConsoleApp.Addin.One", "ConsoleApp.Addin.One\ConsoleApp.Addin.One.csproj", "{DB5EA4A5-5BBB-48EC-820E-21791CAA10C1}"
EndProject
Project("{9A19103F-16F7-4668-BE54-9A1E7A4F7556}") = "ConsoleApp.Addin.Two", "ConsoleApp.Addin.Two\ConsoleApp.Addin.Two.csproj", "{496C4E33-114A-454E-A458-8E9D86BF8BB2}"
EndProject
Project("{9A19103F-16F7-4668-BE54-9A1E7A4F7556}") = "MyRazorLibrary", "MyRazorLibrary\MyRazorLibrary.csproj", "{9025AB56-0676-45D9-8E92-AE230E48E30C}"
EndProject
Project("{FAE04EC0-301F-11D3-BF4B-00C04F79EFBC}") = "MyClassLib472", "MyClassLib472\MyClassLib472.csproj", "{0FCBBA37-1A75-4C85-AF4D-07A1F508152F}"
EndProject
Project("{9A19103F-16F7-4668-BE54-9A1E7A4F7556}") = "MyClassLibNetstandard", "MyClassLibNetstandard\MyClassLibNetstandard.csproj", "{0264EA51-87A6-48CE-80D3-5BA6CBEE5F23}"
EndProject
Project("{9A19103F-16F7-4668-BE54-9A1E7A4F7556}") = "MyWebApi", "MyWebApi\MyWebApi.csproj", "{3F15F3FA-A121-4419-9B76-FF685886B904}"
EndProject
Project("{9A19103F-16F7-4668-BE54-9A1E7A4F7556}") = "MyWebApp", "MyWebApp\MyWebApp.csproj", "{716057DA-AC5F-4774-A654-81CCC23CAAAD}"
EndProject
Project("{9A19103F-16F7-4668-BE54-9A1E7A4F7556}") = "MyMvcWebApp", "MyMvcWebApp\MyMvcWebApp.csproj", "{75E7F9A2-2FB8-409F-A040-DFE5790ED6B4}"
EndProject
Project("{2150E333-8FDC-42A3-9474-1A3956D46DE8}") = "WCF", "WCF", "{D1AC7B63-2567-45FB-A431-75151579A6A7}"
EndProject
Project("{FAE04EC0-301F-11D3-BF4B-00C04F79EFBC}") = "MyWCFServiceLibrary", "MyWCFServiceLibrary\MyWCFServiceLibrary.csproj", "{D9E583E2-2BD4-4FFB-964A-CE8F977568C8}"
EndProject
Project("{FAE04EC0-301F-11D3-BF4B-00C04F79EFBC}") = "MyWCFHost", "MyWCFHost\MyWCFHost.csproj", "{1AEAE2F3-4348-4BAA-9059-A43432E5569A}"
EndProject
Project("{FAE04EC0-301F-11D3-BF4B-00C04F79EFBC}") = "MyWCFClient", "MyWCFClient\MyWCFClient.csproj", "{0EEF6BBB-7457-4E2A-ACD9-23BBD98EB3EA}"
	ProjectSection(ProjectDependencies) = postProject
		{D9E583E2-2BD4-4FFB-964A-CE8F977568C8} = {D9E583E2-2BD4-4FFB-964A-CE8F977568C8}
	EndProjectSection
EndProject
Global
	GlobalSection(SolutionConfigurationPlatforms) = preSolution
		Debug|Any CPU = Debug|Any CPU
		Release|Any CPU = Release|Any CPU
	EndGlobalSection
	GlobalSection(ProjectConfigurationPlatforms) = postSolution
		{E02BDB40-3B8B-469F-8677-5D0FDC6E6959}.Debug|Any CPU.ActiveCfg = Debug|Any CPU
		{E02BDB40-3B8B-469F-8677-5D0FDC6E6959}.Debug|Any CPU.Build.0 = Debug|Any CPU
		{E02BDB40-3B8B-469F-8677-5D0FDC6E6959}.Release|Any CPU.ActiveCfg = Release|Any CPU
		{E02BDB40-3B8B-469F-8677-5D0FDC6E6959}.Release|Any CPU.Build.0 = Release|Any CPU
		{5C898259-A8F5-4AC5-9C75-614A54D3898D}.Debug|Any CPU.ActiveCfg = Debug|Any CPU
		{5C898259-A8F5-4AC5-9C75-614A54D3898D}.Debug|Any CPU.Build.0 = Debug|Any CPU
		{5C898259-A8F5-4AC5-9C75-614A54D3898D}.Release|Any CPU.ActiveCfg = Release|Any CPU
		{5C898259-A8F5-4AC5-9C75-614A54D3898D}.Release|Any CPU.Build.0 = Release|Any CPU
		{DB5EA4A5-5BBB-48EC-820E-21791CAA10C1}.Debug|Any CPU.ActiveCfg = Debug|Any CPU
		{DB5EA4A5-5BBB-48EC-820E-21791CAA10C1}.Debug|Any CPU.Build.0 = Debug|Any CPU
		{DB5EA4A5-5BBB-48EC-820E-21791CAA10C1}.Release|Any CPU.ActiveCfg = Release|Any CPU
		{DB5EA4A5-5BBB-48EC-820E-21791CAA10C1}.Release|Any CPU.Build.0 = Release|Any CPU
		{496C4E33-114A-454E-A458-8E9D86BF8BB2}.Debug|Any CPU.ActiveCfg = Debug|Any CPU
		{496C4E33-114A-454E-A458-8E9D86BF8BB2}.Debug|Any CPU.Build.0 = Debug|Any CPU
		{496C4E33-114A-454E-A458-8E9D86BF8BB2}.Release|Any CPU.ActiveCfg = Release|Any CPU
		{496C4E33-114A-454E-A458-8E9D86BF8BB2}.Release|Any CPU.Build.0 = Release|Any CPU
		{9025AB56-0676-45D9-8E92-AE230E48E30C}.Debug|Any CPU.ActiveCfg = Debug|Any CPU
		{9025AB56-0676-45D9-8E92-AE230E48E30C}.Debug|Any CPU.Build.0 = Debug|Any CPU
		{9025AB56-0676-45D9-8E92-AE230E48E30C}.Release|Any CPU.ActiveCfg = Release|Any CPU
		{9025AB56-0676-45D9-8E92-AE230E48E30C}.Release|Any CPU.Build.0 = Release|Any CPU
		{0FCBBA37-1A75-4C85-AF4D-07A1F508152F}.Debug|Any CPU.ActiveCfg = Debug|Any CPU
		{0FCBBA37-1A75-4C85-AF4D-07A1F508152F}.Debug|Any CPU.Build.0 = Debug|Any CPU
		{0FCBBA37-1A75-4C85-AF4D-07A1F508152F}.Release|Any CPU.ActiveCfg = Release|Any CPU
		{0FCBBA37-1A75-4C85-AF4D-07A1F508152F}.Release|Any CPU.Build.0 = Release|Any CPU
		{0264EA51-87A6-48CE-80D3-5BA6CBEE5F23}.Debug|Any CPU.ActiveCfg = Debug|Any CPU
		{0264EA51-87A6-48CE-80D3-5BA6CBEE5F23}.Debug|Any CPU.Build.0 = Debug|Any CPU
		{0264EA51-87A6-48CE-80D3-5BA6CBEE5F23}.Release|Any CPU.ActiveCfg = Release|Any CPU
		{0264EA51-87A6-48CE-80D3-5BA6CBEE5F23}.Release|Any CPU.Build.0 = Release|Any CPU
		{3F15F3FA-A121-4419-9B76-FF685886B904}.Debug|Any CPU.ActiveCfg = Debug|Any CPU
		{3F15F3FA-A121-4419-9B76-FF685886B904}.Debug|Any CPU.Build.0 = Debug|Any CPU
		{3F15F3FA-A121-4419-9B76-FF685886B904}.Release|Any CPU.ActiveCfg = Release|Any CPU
		{3F15F3FA-A121-4419-9B76-FF685886B904}.Release|Any CPU.Build.0 = Release|Any CPU
		{716057DA-AC5F-4774-A654-81CCC23CAAAD}.Debug|Any CPU.ActiveCfg = Debug|Any CPU
		{716057DA-AC5F-4774-A654-81CCC23CAAAD}.Debug|Any CPU.Build.0 = Debug|Any CPU
		{716057DA-AC5F-4774-A654-81CCC23CAAAD}.Release|Any CPU.ActiveCfg = Release|Any CPU
		{716057DA-AC5F-4774-A654-81CCC23CAAAD}.Release|Any CPU.Build.0 = Release|Any CPU
		{75E7F9A2-2FB8-409F-A040-DFE5790ED6B4}.Debug|Any CPU.ActiveCfg = Debug|Any CPU
		{75E7F9A2-2FB8-409F-A040-DFE5790ED6B4}.Debug|Any CPU.Build.0 = Debug|Any CPU
		{75E7F9A2-2FB8-409F-A040-DFE5790ED6B4}.Release|Any CPU.ActiveCfg = Release|Any CPU
		{75E7F9A2-2FB8-409F-A040-DFE5790ED6B4}.Release|Any CPU.Build.0 = Release|Any CPU
		{D9E583E2-2BD4-4FFB-964A-CE8F977568C8}.Debug|Any CPU.ActiveCfg = Debug|Any CPU
		{D9E583E2-2BD4-4FFB-964A-CE8F977568C8}.Debug|Any CPU.Build.0 = Debug|Any CPU
		{D9E583E2-2BD4-4FFB-964A-CE8F977568C8}.Release|Any CPU.ActiveCfg = Release|Any CPU
		{D9E583E2-2BD4-4FFB-964A-CE8F977568C8}.Release|Any CPU.Build.0 = Release|Any CPU
		{1AEAE2F3-4348-4BAA-9059-A43432E5569A}.Debug|Any CPU.ActiveCfg = Debug|Any CPU
		{1AEAE2F3-4348-4BAA-9059-A43432E5569A}.Debug|Any CPU.Build.0 = Debug|Any CPU
		{1AEAE2F3-4348-4BAA-9059-A43432E5569A}.Release|Any CPU.ActiveCfg = Release|Any CPU
		{1AEAE2F3-4348-4BAA-9059-A43432E5569A}.Release|Any CPU.Build.0 = Release|Any CPU
		{0EEF6BBB-7457-4E2A-ACD9-23BBD98EB3EA}.Debug|Any CPU.ActiveCfg = Debug|Any CPU
		{0EEF6BBB-7457-4E2A-ACD9-23BBD98EB3EA}.Debug|Any CPU.Build.0 = Debug|Any CPU
		{0EEF6BBB-7457-4E2A-ACD9-23BBD98EB3EA}.Release|Any CPU.ActiveCfg = Release|Any CPU
		{0EEF6BBB-7457-4E2A-ACD9-23BBD98EB3EA}.Release|Any CPU.Build.0 = Release|Any CPU
	EndGlobalSection
	GlobalSection(SolutionProperties) = preSolution
		HideSolutionNode = FALSE
	EndGlobalSection
	GlobalSection(NestedProjects) = preSolution
		{D9E583E2-2BD4-4FFB-964A-CE8F977568C8} = {D1AC7B63-2567-45FB-A431-75151579A6A7}
		{1AEAE2F3-4348-4BAA-9059-A43432E5569A} = {D1AC7B63-2567-45FB-A431-75151579A6A7}
		{0EEF6BBB-7457-4E2A-ACD9-23BBD98EB3EA} = {D1AC7B63-2567-45FB-A431-75151579A6A7}
	EndGlobalSection
	GlobalSection(ExtensibilityGlobals) = postSolution
		SolutionGuid = {58EFC2D6-2283-4003-957C-ED04301BD883}
	EndGlobalSection
EndGlobal
